
Microsoft Visual Studio Solution File, Format Version 10.00
# Visual Studio 2008
Project("{2150E333-8FDC-42A3-9474-1A3956D46DE8}") = "Solution Items", "Solution Items", "{284AA7FB-2682-4596-A027-9A6BEE1A7251}"
	ProjectSection(SolutionItems) = preProject
		MwlServer_dist.proj = MwlServer_dist.proj
	EndProjectSection
EndProject
Project("{FAE04EC0-301F-11D3-BF4B-00C04F79EFBC}") = "ClearCanvas.Server.ShredHostService", "..\..\..\Server\ShredHostService\ClearCanvas.Server.ShredHostService.csproj", "{8FC2F7CD-F35B-4AF2-BD98-3F3F75FA9E07}"
	ProjectSection(ProjectDependencies) = postProject
		{02388208-2EE6-4C48-9E57-A53D02663C36} = {02388208-2EE6-4C48-9E57-A53D02663C36}
		{F6EAD428-E6CF-4DF6-B2F3-D33D532C5343} = {F6EAD428-E6CF-4DF6-B2F3-D33D532C5343}
		{E2266084-462A-446F-9CEA-9D132BC36851} = {E2266084-462A-446F-9CEA-9D132BC36851}
		{F3AC6B07-4E21-4BE2-875E-E4FC7BD240D0} = {F3AC6B07-4E21-4BE2-875E-E4FC7BD240D0}
		{6EF89577-03CB-4911-8625-587B858AF6F0} = {6EF89577-03CB-4911-8625-587B858AF6F0}
		{B2CBD58E-D99B-41DE-A3EE-3676BE90085A} = {B2CBD58E-D99B-41DE-A3EE-3676BE90085A}
		{D3F2E3DF-DF80-480E-92B9-76B0E3712CB7} = {D3F2E3DF-DF80-480E-92B9-76B0E3712CB7}
		{1564BDBC-73B1-4A9F-A8CA-1D56C6E99D76} = {1564BDBC-73B1-4A9F-A8CA-1D56C6E99D76}
		{AD9ECE2B-8268-4115-8DC8-860FBD011FFF} = {AD9ECE2B-8268-4115-8DC8-860FBD011FFF}
		{576C4A35-B314-49D0-BF53-4BD43D8D1F31} = {576C4A35-B314-49D0-BF53-4BD43D8D1F31}
		{8347B928-805E-42E7-B980-08D8AF1A0671} = {8347B928-805E-42E7-B980-08D8AF1A0671}
		{FFBEB9C1-2E09-4A9E-A863-B104CFDC55F1} = {FFBEB9C1-2E09-4A9E-A863-B104CFDC55F1}
		{B5EBFFD7-6641-4932-91C9-4C4322B41868} = {B5EBFFD7-6641-4932-91C9-4C4322B41868}
		{FC6F1CDD-ECB2-4750-AD07-D3A964F086E1} = {FC6F1CDD-ECB2-4750-AD07-D3A964F086E1}
		{F9EC0FE0-BB11-4C40-94CA-3B5F4DBCA70A} = {F9EC0FE0-BB11-4C40-94CA-3B5F4DBCA70A}
		{22C471EF-E00B-498E-A3DC-DAC0A1A8ABF7} = {22C471EF-E00B-498E-A3DC-DAC0A1A8ABF7}
		{748C08F1-FD6E-49F6-90BB-90C3A323C714} = {748C08F1-FD6E-49F6-90BB-90C3A323C714}
		{4CED35C2-4659-492D-8F85-F560E469BE11} = {4CED35C2-4659-492D-8F85-F560E469BE11}
		{431E9444-9915-4D49-B92D-9B7EC086622A} = {431E9444-9915-4D49-B92D-9B7EC086622A}
		{487A1D60-7FD7-4EBB-8EF2-2E0FA49652FD} = {487A1D60-7FD7-4EBB-8EF2-2E0FA49652FD}
		{32C097AB-931A-44B0-9ED2-B6F343C3F588} = {32C097AB-931A-44B0-9ED2-B6F343C3F588}
	EndProjectSection
EndProject
Project("{FAE04EC0-301F-11D3-BF4B-00C04F79EFBC}") = "ClearCanvas.Common", "..\..\..\Common\ClearCanvas.Common.csproj", "{F6EAD428-E6CF-4DF6-B2F3-D33D532C5343}"
EndProject
Project("{FAE04EC0-301F-11D3-BF4B-00C04F79EFBC}") = "ClearCanvas.Dicom", "..\..\..\Dicom\ClearCanvas.Dicom.csproj", "{AD9ECE2B-8268-4115-8DC8-860FBD011FFF}"
EndProject
Project("{FAE04EC0-301F-11D3-BF4B-00C04F79EFBC}") = "ClearCanvas.Ris.Shreds.MwlServer.ERisQueryConnector", "ERisQueryConnector\ClearCanvas.Ris.Shreds.MwlServer.ERisQueryConnector.csproj", "{FC6F1CDD-ECB2-4750-AD07-D3A964F086E1}"
EndProject
Project("{FAE04EC0-301F-11D3-BF4B-00C04F79EFBC}") = "ClearCanvas.Ris.Shreds.MwlServer.CCRisQueryConnector", "CCRisQueryConnector\ClearCanvas.Ris.Shreds.MwlServer.CCRisQueryConnector.csproj", "{22C471EF-E00B-498E-A3DC-DAC0A1A8ABF7}"
EndProject
Project("{FAE04EC0-301F-11D3-BF4B-00C04F79EFBC}") = "ClearCanvas.Ris.Shreds.MwlServer", "ClearCanvas.Ris.Shreds.MwlServer.csproj", "{F9EC0FE0-BB11-4C40-94CA-3B5F4DBCA70A}"
EndProject
Project("{FAE04EC0-301F-11D3-BF4B-00C04F79EFBC}") = "ClearCanvas.Server.ShredHost", "..\..\..\Server\ShredHost\ClearCanvas.Server.ShredHost.csproj", "{8347B928-805E-42E7-B980-08D8AF1A0671}"
EndProject
Project("{FAE04EC0-301F-11D3-BF4B-00C04F79EFBC}") = "ClearCanvas.Enterprise.Common", "..\..\..\Enterprise\Common\ClearCanvas.Enterprise.Common.csproj", "{B5EBFFD7-6641-4932-91C9-4C4322B41868}"
EndProject
Project("{FAE04EC0-301F-11D3-BF4B-00C04F79EFBC}") = "ClearCanvas.Enterprise.Core", "..\..\..\Enterprise\Core\ClearCanvas.Enterprise.Core.csproj", "{431E9444-9915-4D49-B92D-9B7EC086622A}"
EndProject
Project("{FAE04EC0-301F-11D3-BF4B-00C04F79EFBC}") = "ClearCanvas.Healthcare", "..\..\..\Healthcare\ClearCanvas.Healthcare.csproj", "{748C08F1-FD6E-49F6-90BB-90C3A323C714}"
EndProject
Project("{FAE04EC0-301F-11D3-BF4B-00C04F79EFBC}") = "ClearCanvas.Healthcare.Hibernate", "..\..\..\Healthcare\Hibernate\ClearCanvas.Healthcare.Hibernate.csproj", "{FFBEB9C1-2E09-4A9E-A863-B104CFDC55F1}"
EndProject
Project("{FAE04EC0-301F-11D3-BF4B-00C04F79EFBC}") = "ClearCanvas.Enterprise.Hibernate", "..\..\..\Enterprise\Hibernate\ClearCanvas.Enterprise.Hibernate.csproj", "{4CED35C2-4659-492D-8F85-F560E469BE11}"
EndProject
Project("{FAE04EC0-301F-11D3-BF4B-00C04F79EFBC}") = "ClearCanvas.Workflow", "..\..\..\Workflow\ClearCanvas.Workflow.csproj", "{576C4A35-B314-49D0-BF53-4BD43D8D1F31}"
EndProject
Project("{FAE04EC0-301F-11D3-BF4B-00C04F79EFBC}") = "ClearCanvas.Healthcare.Mwl", "..\..\..\Healthcare\Mwl\ClearCanvas.Healthcare.Mwl.csproj", "{1564BDBC-73B1-4A9F-A8CA-1D56C6E99D76}"
EndProject
Project("{FAE04EC0-301F-11D3-BF4B-00C04F79EFBC}") = "ClearCanvas.Healthcare.Mwl.Hibernate", "..\..\..\Healthcare\Mwl\Hibernate\ClearCanvas.Healthcare.Mwl.Hibernate.csproj", "{D3F2E3DF-DF80-480E-92B9-76B0E3712CB7}"
EndProject
Project("{FAE04EC0-301F-11D3-BF4B-00C04F79EFBC}") = "ClearCanvas.Ris.Shreds.MwlServer.CCRisQueryConnector.Uhn", "CCRisQueryConnector\Uhn\ClearCanvas.Ris.Shreds.MwlServer.CCRisQueryConnector.Uhn.csproj", "{B2CBD58E-D99B-41DE-A3EE-3676BE90085A}"
EndProject
Project("{FAE04EC0-301F-11D3-BF4B-00C04F79EFBC}") = "ClearCanvas.Healthcare.Uhn", "..\..\..\Healthcare\Uhn\ClearCanvas.Healthcare.Uhn.csproj", "{6EF89577-03CB-4911-8625-587B858AF6F0}"
EndProject
Project("{FAE04EC0-301F-11D3-BF4B-00C04F79EFBC}") = "ClearCanvas.Healthcare.Uhn.Hibernate", "..\..\..\Healthcare\Uhn\Hibernate\ClearCanvas.Healthcare.Uhn.Hibernate.csproj", "{02388208-2EE6-4C48-9E57-A53D02663C36}"
EndProject
Project("{FAE04EC0-301F-11D3-BF4B-00C04F79EFBC}") = "ClearCanvas.Enterprise.Configuration", "..\..\..\Enterprise\Configuration\ClearCanvas.Enterprise.Configuration.csproj", "{487A1D60-7FD7-4EBB-8EF2-2E0FA49652FD}"
EndProject
Project("{FAE04EC0-301F-11D3-BF4B-00C04F79EFBC}") = "ClearCanvas.Enterprise.Configuration.Hibernate", "..\..\..\Enterprise\Configuration\Hibernate\ClearCanvas.Enterprise.Configuration.Hibernate.csproj", "{32C097AB-931A-44B0-9ED2-B6F343C3F588}"
EndProject
Project("{FAE04EC0-301F-11D3-BF4B-00C04F79EFBC}") = "ClearCanvas.Enterprise.Authentication", "..\..\..\Enterprise\Authentication\ClearCanvas.Enterprise.Authentication.csproj", "{F3AC6B07-4E21-4BE2-875E-E4FC7BD240D0}"
EndProject
Project("{FAE04EC0-301F-11D3-BF4B-00C04F79EFBC}") = "ClearCanvas.Enterprise.Authentication.Hibernate", "..\..\..\Enterprise\Authentication\Hibernate\ClearCanvas.Enterprise.Authentication.Hibernate.csproj", "{E2266084-462A-446F-9CEA-9D132BC36851}"
EndProject
Global
	GlobalSection(SolutionConfigurationPlatforms) = preSolution
		Debug|Any CPU = Debug|Any CPU
		Debug|Mixed Platforms = Debug|Mixed Platforms
		Debug|Win32 = Debug|Win32
		Debug|x64 = Debug|x64
		Debug|x86 = Debug|x86
		Release|Any CPU = Release|Any CPU
		Release|Mixed Platforms = Release|Mixed Platforms
		Release|Win32 = Release|Win32
		Release|x64 = Release|x64
		Release|x86 = Release|x86
	EndGlobalSection
	GlobalSection(ProjectConfigurationPlatforms) = postSolution
		{8FC2F7CD-F35B-4AF2-BD98-3F3F75FA9E07}.Debug|Any CPU.ActiveCfg = Debug|Any CPU
		{8FC2F7CD-F35B-4AF2-BD98-3F3F75FA9E07}.Debug|Any CPU.Build.0 = Debug|Any CPU
		{8FC2F7CD-F35B-4AF2-BD98-3F3F75FA9E07}.Debug|Mixed Platforms.ActiveCfg = Debug|Any CPU
		{8FC2F7CD-F35B-4AF2-BD98-3F3F75FA9E07}.Debug|Mixed Platforms.Build.0 = Debug|Any CPU
		{8FC2F7CD-F35B-4AF2-BD98-3F3F75FA9E07}.Debug|Win32.ActiveCfg = Debug|Any CPU
		{8FC2F7CD-F35B-4AF2-BD98-3F3F75FA9E07}.Debug|x64.ActiveCfg = Debug|Any CPU
		{8FC2F7CD-F35B-4AF2-BD98-3F3F75FA9E07}.Debug|x86.ActiveCfg = Debug|Any CPU
		{8FC2F7CD-F35B-4AF2-BD98-3F3F75FA9E07}.Release|Any CPU.ActiveCfg = Release|Any CPU
		{8FC2F7CD-F35B-4AF2-BD98-3F3F75FA9E07}.Release|Any CPU.Build.0 = Release|Any CPU
		{8FC2F7CD-F35B-4AF2-BD98-3F3F75FA9E07}.Release|Mixed Platforms.ActiveCfg = Release|Any CPU
		{8FC2F7CD-F35B-4AF2-BD98-3F3F75FA9E07}.Release|Mixed Platforms.Build.0 = Release|Any CPU
		{8FC2F7CD-F35B-4AF2-BD98-3F3F75FA9E07}.Release|Win32.ActiveCfg = Release|Any CPU
		{8FC2F7CD-F35B-4AF2-BD98-3F3F75FA9E07}.Release|x64.ActiveCfg = Release|Any CPU
		{8FC2F7CD-F35B-4AF2-BD98-3F3F75FA9E07}.Release|x86.ActiveCfg = Release|Any CPU
		{F6EAD428-E6CF-4DF6-B2F3-D33D532C5343}.Debug|Any CPU.ActiveCfg = Debug|Any CPU
		{F6EAD428-E6CF-4DF6-B2F3-D33D532C5343}.Debug|Any CPU.Build.0 = Debug|Any CPU
		{F6EAD428-E6CF-4DF6-B2F3-D33D532C5343}.Debug|Mixed Platforms.ActiveCfg = Debug|Any CPU
		{F6EAD428-E6CF-4DF6-B2F3-D33D532C5343}.Debug|Mixed Platforms.Build.0 = Debug|Any CPU
		{F6EAD428-E6CF-4DF6-B2F3-D33D532C5343}.Debug|Win32.ActiveCfg = Debug|Any CPU
		{F6EAD428-E6CF-4DF6-B2F3-D33D532C5343}.Debug|x64.ActiveCfg = Debug|Any CPU
		{F6EAD428-E6CF-4DF6-B2F3-D33D532C5343}.Debug|x86.ActiveCfg = Debug|Any CPU
		{F6EAD428-E6CF-4DF6-B2F3-D33D532C5343}.Release|Any CPU.ActiveCfg = Release|Any CPU
		{F6EAD428-E6CF-4DF6-B2F3-D33D532C5343}.Release|Any CPU.Build.0 = Release|Any CPU
		{F6EAD428-E6CF-4DF6-B2F3-D33D532C5343}.Release|Mixed Platforms.ActiveCfg = Release|Any CPU
		{F6EAD428-E6CF-4DF6-B2F3-D33D532C5343}.Release|Mixed Platforms.Build.0 = Release|Any CPU
		{F6EAD428-E6CF-4DF6-B2F3-D33D532C5343}.Release|Win32.ActiveCfg = Release|Any CPU
		{F6EAD428-E6CF-4DF6-B2F3-D33D532C5343}.Release|x64.ActiveCfg = Release|Any CPU
		{F6EAD428-E6CF-4DF6-B2F3-D33D532C5343}.Release|x86.ActiveCfg = Release|Any CPU
		{AD9ECE2B-8268-4115-8DC8-860FBD011FFF}.Debug|Any CPU.ActiveCfg = Debug|Any CPU
		{AD9ECE2B-8268-4115-8DC8-860FBD011FFF}.Debug|Any CPU.Build.0 = Debug|Any CPU
		{AD9ECE2B-8268-4115-8DC8-860FBD011FFF}.Debug|Mixed Platforms.ActiveCfg = Debug|Any CPU
		{AD9ECE2B-8268-4115-8DC8-860FBD011FFF}.Debug|Mixed Platforms.Build.0 = Debug|Any CPU
		{AD9ECE2B-8268-4115-8DC8-860FBD011FFF}.Debug|Win32.ActiveCfg = Debug|Any CPU
		{AD9ECE2B-8268-4115-8DC8-860FBD011FFF}.Debug|x64.ActiveCfg = Debug|Any CPU
		{AD9ECE2B-8268-4115-8DC8-860FBD011FFF}.Debug|x86.ActiveCfg = Debug|Any CPU
		{AD9ECE2B-8268-4115-8DC8-860FBD011FFF}.Release|Any CPU.ActiveCfg = Release|Any CPU
		{AD9ECE2B-8268-4115-8DC8-860FBD011FFF}.Release|Any CPU.Build.0 = Release|Any CPU
		{AD9ECE2B-8268-4115-8DC8-860FBD011FFF}.Release|Mixed Platforms.ActiveCfg = Release|Any CPU
		{AD9ECE2B-8268-4115-8DC8-860FBD011FFF}.Release|Mixed Platforms.Build.0 = Release|Any CPU
		{AD9ECE2B-8268-4115-8DC8-860FBD011FFF}.Release|Win32.ActiveCfg = Release|Any CPU
		{AD9ECE2B-8268-4115-8DC8-860FBD011FFF}.Release|x64.ActiveCfg = Release|Any CPU
		{AD9ECE2B-8268-4115-8DC8-860FBD011FFF}.Release|x86.ActiveCfg = Release|Any CPU
		{FC6F1CDD-ECB2-4750-AD07-D3A964F086E1}.Debug|Any CPU.ActiveCfg = Debug|Any CPU
		{FC6F1CDD-ECB2-4750-AD07-D3A964F086E1}.Debug|Any CPU.Build.0 = Debug|Any CPU
		{FC6F1CDD-ECB2-4750-AD07-D3A964F086E1}.Debug|Mixed Platforms.ActiveCfg = Debug|Any CPU
		{FC6F1CDD-ECB2-4750-AD07-D3A964F086E1}.Debug|Mixed Platforms.Build.0 = Debug|Any CPU
		{FC6F1CDD-ECB2-4750-AD07-D3A964F086E1}.Debug|Win32.ActiveCfg = Debug|Any CPU
		{FC6F1CDD-ECB2-4750-AD07-D3A964F086E1}.Debug|x64.ActiveCfg = Debug|Any CPU
		{FC6F1CDD-ECB2-4750-AD07-D3A964F086E1}.Debug|x86.ActiveCfg = Debug|Any CPU
		{FC6F1CDD-ECB2-4750-AD07-D3A964F086E1}.Release|Any CPU.ActiveCfg = Release|Any CPU
		{FC6F1CDD-ECB2-4750-AD07-D3A964F086E1}.Release|Any CPU.Build.0 = Release|Any CPU
		{FC6F1CDD-ECB2-4750-AD07-D3A964F086E1}.Release|Mixed Platforms.ActiveCfg = Release|Any CPU
		{FC6F1CDD-ECB2-4750-AD07-D3A964F086E1}.Release|Mixed Platforms.Build.0 = Release|Any CPU
		{FC6F1CDD-ECB2-4750-AD07-D3A964F086E1}.Release|Win32.ActiveCfg = Release|Any CPU
		{FC6F1CDD-ECB2-4750-AD07-D3A964F086E1}.Release|x64.ActiveCfg = Release|Any CPU
		{FC6F1CDD-ECB2-4750-AD07-D3A964F086E1}.Release|x86.ActiveCfg = Release|Any CPU
		{22C471EF-E00B-498E-A3DC-DAC0A1A8ABF7}.Debug|Any CPU.ActiveCfg = Debug|Any CPU
		{22C471EF-E00B-498E-A3DC-DAC0A1A8ABF7}.Debug|Any CPU.Build.0 = Debug|Any CPU
		{22C471EF-E00B-498E-A3DC-DAC0A1A8ABF7}.Debug|Mixed Platforms.ActiveCfg = Debug|Any CPU
		{22C471EF-E00B-498E-A3DC-DAC0A1A8ABF7}.Debug|Mixed Platforms.Build.0 = Debug|Any CPU
		{22C471EF-E00B-498E-A3DC-DAC0A1A8ABF7}.Debug|Win32.ActiveCfg = Debug|Any CPU
		{22C471EF-E00B-498E-A3DC-DAC0A1A8ABF7}.Debug|x64.ActiveCfg = Debug|Any CPU
		{22C471EF-E00B-498E-A3DC-DAC0A1A8ABF7}.Debug|x86.ActiveCfg = Debug|Any CPU
		{22C471EF-E00B-498E-A3DC-DAC0A1A8ABF7}.Release|Any CPU.ActiveCfg = Release|Any CPU
		{22C471EF-E00B-498E-A3DC-DAC0A1A8ABF7}.Release|Any CPU.Build.0 = Release|Any CPU
		{22C471EF-E00B-498E-A3DC-DAC0A1A8ABF7}.Release|Mixed Platforms.ActiveCfg = Release|Any CPU
		{22C471EF-E00B-498E-A3DC-DAC0A1A8ABF7}.Release|Mixed Platforms.Build.0 = Release|Any CPU
		{22C471EF-E00B-498E-A3DC-DAC0A1A8ABF7}.Release|Win32.ActiveCfg = Release|Any CPU
		{22C471EF-E00B-498E-A3DC-DAC0A1A8ABF7}.Release|x64.ActiveCfg = Release|Any CPU
		{22C471EF-E00B-498E-A3DC-DAC0A1A8ABF7}.Release|x86.ActiveCfg = Release|Any CPU
		{F9EC0FE0-BB11-4C40-94CA-3B5F4DBCA70A}.Debug|Any CPU.ActiveCfg = Debug|Any CPU
		{F9EC0FE0-BB11-4C40-94CA-3B5F4DBCA70A}.Debug|Any CPU.Build.0 = Debug|Any CPU
		{F9EC0FE0-BB11-4C40-94CA-3B5F4DBCA70A}.Debug|Mixed Platforms.ActiveCfg = Debug|Any CPU
		{F9EC0FE0-BB11-4C40-94CA-3B5F4DBCA70A}.Debug|Mixed Platforms.Build.0 = Debug|Any CPU
		{F9EC0FE0-BB11-4C40-94CA-3B5F4DBCA70A}.Debug|Win32.ActiveCfg = Debug|Any CPU
		{F9EC0FE0-BB11-4C40-94CA-3B5F4DBCA70A}.Debug|x64.ActiveCfg = Debug|Any CPU
		{F9EC0FE0-BB11-4C40-94CA-3B5F4DBCA70A}.Debug|x86.ActiveCfg = Debug|Any CPU
		{F9EC0FE0-BB11-4C40-94CA-3B5F4DBCA70A}.Release|Any CPU.ActiveCfg = Release|Any CPU
		{F9EC0FE0-BB11-4C40-94CA-3B5F4DBCA70A}.Release|Any CPU.Build.0 = Release|Any CPU
		{F9EC0FE0-BB11-4C40-94CA-3B5F4DBCA70A}.Release|Mixed Platforms.ActiveCfg = Release|Any CPU
		{F9EC0FE0-BB11-4C40-94CA-3B5F4DBCA70A}.Release|Mixed Platforms.Build.0 = Release|Any CPU
		{F9EC0FE0-BB11-4C40-94CA-3B5F4DBCA70A}.Release|Win32.ActiveCfg = Release|Any CPU
		{F9EC0FE0-BB11-4C40-94CA-3B5F4DBCA70A}.Release|x64.ActiveCfg = Release|Any CPU
		{F9EC0FE0-BB11-4C40-94CA-3B5F4DBCA70A}.Release|x86.ActiveCfg = Release|Any CPU
		{8347B928-805E-42E7-B980-08D8AF1A0671}.Debug|Any CPU.ActiveCfg = Debug|Any CPU
		{8347B928-805E-42E7-B980-08D8AF1A0671}.Debug|Any CPU.Build.0 = Debug|Any CPU
		{8347B928-805E-42E7-B980-08D8AF1A0671}.Debug|Mixed Platforms.ActiveCfg = Debug|Any CPU
		{8347B928-805E-42E7-B980-08D8AF1A0671}.Debug|Mixed Platforms.Build.0 = Debug|Any CPU
		{8347B928-805E-42E7-B980-08D8AF1A0671}.Debug|Win32.ActiveCfg = Debug|Any CPU
		{8347B928-805E-42E7-B980-08D8AF1A0671}.Debug|x64.ActiveCfg = Debug|Any CPU
		{8347B928-805E-42E7-B980-08D8AF1A0671}.Debug|x86.ActiveCfg = Debug|Any CPU
		{8347B928-805E-42E7-B980-08D8AF1A0671}.Release|Any CPU.ActiveCfg = Release|Any CPU
		{8347B928-805E-42E7-B980-08D8AF1A0671}.Release|Any CPU.Build.0 = Release|Any CPU
		{8347B928-805E-42E7-B980-08D8AF1A0671}.Release|Mixed Platforms.ActiveCfg = Release|Any CPU
		{8347B928-805E-42E7-B980-08D8AF1A0671}.Release|Mixed Platforms.Build.0 = Release|Any CPU
		{8347B928-805E-42E7-B980-08D8AF1A0671}.Release|Win32.ActiveCfg = Release|Any CPU
		{8347B928-805E-42E7-B980-08D8AF1A0671}.Release|x64.ActiveCfg = Release|Any CPU
		{8347B928-805E-42E7-B980-08D8AF1A0671}.Release|x86.ActiveCfg = Release|Any CPU
		{B5EBFFD7-6641-4932-91C9-4C4322B41868}.Debug|Any CPU.ActiveCfg = Debug|Any CPU
		{B5EBFFD7-6641-4932-91C9-4C4322B41868}.Debug|Any CPU.Build.0 = Debug|Any CPU
		{B5EBFFD7-6641-4932-91C9-4C4322B41868}.Debug|Mixed Platforms.ActiveCfg = Debug|Any CPU
		{B5EBFFD7-6641-4932-91C9-4C4322B41868}.Debug|Mixed Platforms.Build.0 = Debug|Any CPU
		{B5EBFFD7-6641-4932-91C9-4C4322B41868}.Debug|Win32.ActiveCfg = Debug|Any CPU
		{B5EBFFD7-6641-4932-91C9-4C4322B41868}.Debug|x64.ActiveCfg = Debug|Any CPU
		{B5EBFFD7-6641-4932-91C9-4C4322B41868}.Debug|x86.ActiveCfg = Debug|Any CPU
		{B5EBFFD7-6641-4932-91C9-4C4322B41868}.Release|Any CPU.ActiveCfg = Release|Any CPU
		{B5EBFFD7-6641-4932-91C9-4C4322B41868}.Release|Any CPU.Build.0 = Release|Any CPU
		{B5EBFFD7-6641-4932-91C9-4C4322B41868}.Release|Mixed Platforms.ActiveCfg = Release|Any CPU
		{B5EBFFD7-6641-4932-91C9-4C4322B41868}.Release|Mixed Platforms.Build.0 = Release|Any CPU
		{B5EBFFD7-6641-4932-91C9-4C4322B41868}.Release|Win32.ActiveCfg = Release|Any CPU
		{B5EBFFD7-6641-4932-91C9-4C4322B41868}.Release|x64.ActiveCfg = Release|Any CPU
		{B5EBFFD7-6641-4932-91C9-4C4322B41868}.Release|x86.ActiveCfg = Release|Any CPU
		{431E9444-9915-4D49-B92D-9B7EC086622A}.Debug|Any CPU.ActiveCfg = Debug|Any CPU
		{431E9444-9915-4D49-B92D-9B7EC086622A}.Debug|Any CPU.Build.0 = Debug|Any CPU
		{431E9444-9915-4D49-B92D-9B7EC086622A}.Debug|Mixed Platforms.ActiveCfg = Debug|Any CPU
		{431E9444-9915-4D49-B92D-9B7EC086622A}.Debug|Mixed Platforms.Build.0 = Debug|Any CPU
		{431E9444-9915-4D49-B92D-9B7EC086622A}.Debug|Win32.ActiveCfg = Debug|Any CPU
		{431E9444-9915-4D49-B92D-9B7EC086622A}.Debug|x64.ActiveCfg = Debug|Any CPU
		{431E9444-9915-4D49-B92D-9B7EC086622A}.Debug|x86.ActiveCfg = Debug|Any CPU
		{431E9444-9915-4D49-B92D-9B7EC086622A}.Release|Any CPU.ActiveCfg = Release|Any CPU
		{431E9444-9915-4D49-B92D-9B7EC086622A}.Release|Any CPU.Build.0 = Release|Any CPU
		{431E9444-9915-4D49-B92D-9B7EC086622A}.Release|Mixed Platforms.ActiveCfg = Release|Any CPU
		{431E9444-9915-4D49-B92D-9B7EC086622A}.Release|Mixed Platforms.Build.0 = Release|Any CPU
		{431E9444-9915-4D49-B92D-9B7EC086622A}.Release|Win32.ActiveCfg = Release|Any CPU
		{431E9444-9915-4D49-B92D-9B7EC086622A}.Release|x64.ActiveCfg = Release|Any CPU
		{431E9444-9915-4D49-B92D-9B7EC086622A}.Release|x86.ActiveCfg = Release|Any CPU
		{748C08F1-FD6E-49F6-90BB-90C3A323C714}.Debug|Any CPU.ActiveCfg = Debug|Any CPU
		{748C08F1-FD6E-49F6-90BB-90C3A323C714}.Debug|Any CPU.Build.0 = Debug|Any CPU
		{748C08F1-FD6E-49F6-90BB-90C3A323C714}.Debug|Mixed Platforms.ActiveCfg = Debug|Any CPU
		{748C08F1-FD6E-49F6-90BB-90C3A323C714}.Debug|Mixed Platforms.Build.0 = Debug|Any CPU
		{748C08F1-FD6E-49F6-90BB-90C3A323C714}.Debug|Win32.ActiveCfg = Debug|Any CPU
		{748C08F1-FD6E-49F6-90BB-90C3A323C714}.Debug|x64.ActiveCfg = Debug|Any CPU
		{748C08F1-FD6E-49F6-90BB-90C3A323C714}.Debug|x86.ActiveCfg = Debug|Any CPU
		{748C08F1-FD6E-49F6-90BB-90C3A323C714}.Release|Any CPU.ActiveCfg = Release|Any CPU
		{748C08F1-FD6E-49F6-90BB-90C3A323C714}.Release|Any CPU.Build.0 = Release|Any CPU
		{748C08F1-FD6E-49F6-90BB-90C3A323C714}.Release|Mixed Platforms.ActiveCfg = Release|Any CPU
		{748C08F1-FD6E-49F6-90BB-90C3A323C714}.Release|Mixed Platforms.Build.0 = Release|Any CPU
		{748C08F1-FD6E-49F6-90BB-90C3A323C714}.Release|Win32.ActiveCfg = Release|Any CPU
		{748C08F1-FD6E-49F6-90BB-90C3A323C714}.Release|x64.ActiveCfg = Release|Any CPU
		{748C08F1-FD6E-49F6-90BB-90C3A323C714}.Release|x86.ActiveCfg = Release|Any CPU
		{FFBEB9C1-2E09-4A9E-A863-B104CFDC55F1}.Debug|Any CPU.ActiveCfg = Debug|Any CPU
		{FFBEB9C1-2E09-4A9E-A863-B104CFDC55F1}.Debug|Any CPU.Build.0 = Debug|Any CPU
		{FFBEB9C1-2E09-4A9E-A863-B104CFDC55F1}.Debug|Mixed Platforms.ActiveCfg = Debug|Any CPU
		{FFBEB9C1-2E09-4A9E-A863-B104CFDC55F1}.Debug|Mixed Platforms.Build.0 = Debug|Any CPU
		{FFBEB9C1-2E09-4A9E-A863-B104CFDC55F1}.Debug|Win32.ActiveCfg = Debug|Any CPU
		{FFBEB9C1-2E09-4A9E-A863-B104CFDC55F1}.Debug|x64.ActiveCfg = Debug|Any CPU
		{FFBEB9C1-2E09-4A9E-A863-B104CFDC55F1}.Debug|x86.ActiveCfg = Debug|Any CPU
		{FFBEB9C1-2E09-4A9E-A863-B104CFDC55F1}.Release|Any CPU.ActiveCfg = Release|Any CPU
		{FFBEB9C1-2E09-4A9E-A863-B104CFDC55F1}.Release|Any CPU.Build.0 = Release|Any CPU
		{FFBEB9C1-2E09-4A9E-A863-B104CFDC55F1}.Release|Mixed Platforms.ActiveCfg = Release|Any CPU
		{FFBEB9C1-2E09-4A9E-A863-B104CFDC55F1}.Release|Mixed Platforms.Build.0 = Release|Any CPU
		{FFBEB9C1-2E09-4A9E-A863-B104CFDC55F1}.Release|Win32.ActiveCfg = Release|Any CPU
		{FFBEB9C1-2E09-4A9E-A863-B104CFDC55F1}.Release|x64.ActiveCfg = Release|Any CPU
		{FFBEB9C1-2E09-4A9E-A863-B104CFDC55F1}.Release|x86.ActiveCfg = Release|Any CPU
		{4CED35C2-4659-492D-8F85-F560E469BE11}.Debug|Any CPU.ActiveCfg = Debug|Any CPU
		{4CED35C2-4659-492D-8F85-F560E469BE11}.Debug|Any CPU.Build.0 = Debug|Any CPU
		{4CED35C2-4659-492D-8F85-F560E469BE11}.Debug|Mixed Platforms.ActiveCfg = Debug|Any CPU
		{4CED35C2-4659-492D-8F85-F560E469BE11}.Debug|Mixed Platforms.Build.0 = Debug|Any CPU
		{4CED35C2-4659-492D-8F85-F560E469BE11}.Debug|Win32.ActiveCfg = Debug|Any CPU
		{4CED35C2-4659-492D-8F85-F560E469BE11}.Debug|x64.ActiveCfg = Debug|Any CPU
		{4CED35C2-4659-492D-8F85-F560E469BE11}.Debug|x86.ActiveCfg = Debug|Any CPU
		{4CED35C2-4659-492D-8F85-F560E469BE11}.Release|Any CPU.ActiveCfg = Release|Any CPU
		{4CED35C2-4659-492D-8F85-F560E469BE11}.Release|Any CPU.Build.0 = Release|Any CPU
		{4CED35C2-4659-492D-8F85-F560E469BE11}.Release|Mixed Platforms.ActiveCfg = Release|Any CPU
		{4CED35C2-4659-492D-8F85-F560E469BE11}.Release|Mixed Platforms.Build.0 = Release|Any CPU
		{4CED35C2-4659-492D-8F85-F560E469BE11}.Release|Win32.ActiveCfg = Release|Any CPU
		{4CED35C2-4659-492D-8F85-F560E469BE11}.Release|x64.ActiveCfg = Release|Any CPU
		{4CED35C2-4659-492D-8F85-F560E469BE11}.Release|x86.ActiveCfg = Release|Any CPU
		{576C4A35-B314-49D0-BF53-4BD43D8D1F31}.Debug|Any CPU.ActiveCfg = Debug|Any CPU
		{576C4A35-B314-49D0-BF53-4BD43D8D1F31}.Debug|Any CPU.Build.0 = Debug|Any CPU
		{576C4A35-B314-49D0-BF53-4BD43D8D1F31}.Debug|Mixed Platforms.ActiveCfg = Debug|Any CPU
		{576C4A35-B314-49D0-BF53-4BD43D8D1F31}.Debug|Mixed Platforms.Build.0 = Debug|Any CPU
		{576C4A35-B314-49D0-BF53-4BD43D8D1F31}.Debug|Win32.ActiveCfg = Debug|Any CPU
		{576C4A35-B314-49D0-BF53-4BD43D8D1F31}.Debug|x64.ActiveCfg = Debug|Any CPU
		{576C4A35-B314-49D0-BF53-4BD43D8D1F31}.Debug|x86.ActiveCfg = Debug|Any CPU
		{576C4A35-B314-49D0-BF53-4BD43D8D1F31}.Release|Any CPU.ActiveCfg = Release|Any CPU
		{576C4A35-B314-49D0-BF53-4BD43D8D1F31}.Release|Any CPU.Build.0 = Release|Any CPU
		{576C4A35-B314-49D0-BF53-4BD43D8D1F31}.Release|Mixed Platforms.ActiveCfg = Release|Any CPU
		{576C4A35-B314-49D0-BF53-4BD43D8D1F31}.Release|Mixed Platforms.Build.0 = Release|Any CPU
		{576C4A35-B314-49D0-BF53-4BD43D8D1F31}.Release|Win32.ActiveCfg = Release|Any CPU
		{576C4A35-B314-49D0-BF53-4BD43D8D1F31}.Release|x64.ActiveCfg = Release|Any CPU
		{576C4A35-B314-49D0-BF53-4BD43D8D1F31}.Release|x86.ActiveCfg = Release|Any CPU
		{1564BDBC-73B1-4A9F-A8CA-1D56C6E99D76}.Debug|Any CPU.ActiveCfg = Debug|Any CPU
		{1564BDBC-73B1-4A9F-A8CA-1D56C6E99D76}.Debug|Any CPU.Build.0 = Debug|Any CPU
		{1564BDBC-73B1-4A9F-A8CA-1D56C6E99D76}.Debug|Mixed Platforms.ActiveCfg = Debug|Any CPU
		{1564BDBC-73B1-4A9F-A8CA-1D56C6E99D76}.Debug|Mixed Platforms.Build.0 = Debug|Any CPU
		{1564BDBC-73B1-4A9F-A8CA-1D56C6E99D76}.Debug|Win32.ActiveCfg = Debug|Any CPU
		{1564BDBC-73B1-4A9F-A8CA-1D56C6E99D76}.Debug|x64.ActiveCfg = Debug|Any CPU
		{1564BDBC-73B1-4A9F-A8CA-1D56C6E99D76}.Debug|x86.ActiveCfg = Debug|Any CPU
		{1564BDBC-73B1-4A9F-A8CA-1D56C6E99D76}.Release|Any CPU.ActiveCfg = Release|Any CPU
		{1564BDBC-73B1-4A9F-A8CA-1D56C6E99D76}.Release|Any CPU.Build.0 = Release|Any CPU
		{1564BDBC-73B1-4A9F-A8CA-1D56C6E99D76}.Release|Mixed Platforms.ActiveCfg = Release|Any CPU
		{1564BDBC-73B1-4A9F-A8CA-1D56C6E99D76}.Release|Mixed Platforms.Build.0 = Release|Any CPU
		{1564BDBC-73B1-4A9F-A8CA-1D56C6E99D76}.Release|Win32.ActiveCfg = Release|Any CPU
		{1564BDBC-73B1-4A9F-A8CA-1D56C6E99D76}.Release|x64.ActiveCfg = Release|Any CPU
		{1564BDBC-73B1-4A9F-A8CA-1D56C6E99D76}.Release|x86.ActiveCfg = Release|Any CPU
		{D3F2E3DF-DF80-480E-92B9-76B0E3712CB7}.Debug|Any CPU.ActiveCfg = Debug|Any CPU
		{D3F2E3DF-DF80-480E-92B9-76B0E3712CB7}.Debug|Any CPU.Build.0 = Debug|Any CPU
		{D3F2E3DF-DF80-480E-92B9-76B0E3712CB7}.Debug|Mixed Platforms.ActiveCfg = Debug|Any CPU
		{D3F2E3DF-DF80-480E-92B9-76B0E3712CB7}.Debug|Mixed Platforms.Build.0 = Debug|Any CPU
		{D3F2E3DF-DF80-480E-92B9-76B0E3712CB7}.Debug|Win32.ActiveCfg = Debug|Any CPU
		{D3F2E3DF-DF80-480E-92B9-76B0E3712CB7}.Debug|x64.ActiveCfg = Debug|Any CPU
		{D3F2E3DF-DF80-480E-92B9-76B0E3712CB7}.Debug|x86.ActiveCfg = Debug|Any CPU
		{D3F2E3DF-DF80-480E-92B9-76B0E3712CB7}.Release|Any CPU.ActiveCfg = Release|Any CPU
		{D3F2E3DF-DF80-480E-92B9-76B0E3712CB7}.Release|Any CPU.Build.0 = Release|Any CPU
		{D3F2E3DF-DF80-480E-92B9-76B0E3712CB7}.Release|Mixed Platforms.ActiveCfg = Release|Any CPU
		{D3F2E3DF-DF80-480E-92B9-76B0E3712CB7}.Release|Mixed Platforms.Build.0 = Release|Any CPU
		{D3F2E3DF-DF80-480E-92B9-76B0E3712CB7}.Release|Win32.ActiveCfg = Release|Any CPU
		{D3F2E3DF-DF80-480E-92B9-76B0E3712CB7}.Release|x64.ActiveCfg = Release|Any CPU
		{D3F2E3DF-DF80-480E-92B9-76B0E3712CB7}.Release|x86.ActiveCfg = Release|Any CPU
		{B2CBD58E-D99B-41DE-A3EE-3676BE90085A}.Debug|Any CPU.ActiveCfg = Debug|Any CPU
		{B2CBD58E-D99B-41DE-A3EE-3676BE90085A}.Debug|Any CPU.Build.0 = Debug|Any CPU
		{B2CBD58E-D99B-41DE-A3EE-3676BE90085A}.Debug|Mixed Platforms.ActiveCfg = Debug|Any CPU
		{B2CBD58E-D99B-41DE-A3EE-3676BE90085A}.Debug|Mixed Platforms.Build.0 = Debug|Any CPU
		{B2CBD58E-D99B-41DE-A3EE-3676BE90085A}.Debug|Win32.ActiveCfg = Debug|Any CPU
		{B2CBD58E-D99B-41DE-A3EE-3676BE90085A}.Debug|x64.ActiveCfg = Debug|Any CPU
		{B2CBD58E-D99B-41DE-A3EE-3676BE90085A}.Debug|x86.ActiveCfg = Debug|Any CPU
		{B2CBD58E-D99B-41DE-A3EE-3676BE90085A}.Release|Any CPU.ActiveCfg = Release|Any CPU
		{B2CBD58E-D99B-41DE-A3EE-3676BE90085A}.Release|Any CPU.Build.0 = Release|Any CPU
		{B2CBD58E-D99B-41DE-A3EE-3676BE90085A}.Release|Mixed Platforms.ActiveCfg = Release|Any CPU
		{B2CBD58E-D99B-41DE-A3EE-3676BE90085A}.Release|Mixed Platforms.Build.0 = Release|Any CPU
		{B2CBD58E-D99B-41DE-A3EE-3676BE90085A}.Release|Win32.ActiveCfg = Release|Any CPU
		{B2CBD58E-D99B-41DE-A3EE-3676BE90085A}.Release|x64.ActiveCfg = Release|Any CPU
		{B2CBD58E-D99B-41DE-A3EE-3676BE90085A}.Release|x86.ActiveCfg = Release|Any CPU
		{6EF89577-03CB-4911-8625-587B858AF6F0}.Debug|Any CPU.ActiveCfg = Debug|Any CPU
		{6EF89577-03CB-4911-8625-587B858AF6F0}.Debug|Any CPU.Build.0 = Debug|Any CPU
		{6EF89577-03CB-4911-8625-587B858AF6F0}.Debug|Mixed Platforms.ActiveCfg = Debug|Any CPU
		{6EF89577-03CB-4911-8625-587B858AF6F0}.Debug|Mixed Platforms.Build.0 = Debug|Any CPU
		{6EF89577-03CB-4911-8625-587B858AF6F0}.Debug|Win32.ActiveCfg = Debug|Any CPU
		{6EF89577-03CB-4911-8625-587B858AF6F0}.Debug|x64.ActiveCfg = Debug|Any CPU
		{6EF89577-03CB-4911-8625-587B858AF6F0}.Debug|x86.ActiveCfg = Debug|Any CPU
		{6EF89577-03CB-4911-8625-587B858AF6F0}.Release|Any CPU.ActiveCfg = Release|Any CPU
		{6EF89577-03CB-4911-8625-587B858AF6F0}.Release|Any CPU.Build.0 = Release|Any CPU
		{6EF89577-03CB-4911-8625-587B858AF6F0}.Release|Mixed Platforms.ActiveCfg = Release|Any CPU
		{6EF89577-03CB-4911-8625-587B858AF6F0}.Release|Mixed Platforms.Build.0 = Release|Any CPU
		{6EF89577-03CB-4911-8625-587B858AF6F0}.Release|Win32.ActiveCfg = Release|Any CPU
		{6EF89577-03CB-4911-8625-587B858AF6F0}.Release|x64.ActiveCfg = Release|Any CPU
		{6EF89577-03CB-4911-8625-587B858AF6F0}.Release|x86.ActiveCfg = Release|Any CPU
		{02388208-2EE6-4C48-9E57-A53D02663C36}.Debug|Any CPU.ActiveCfg = Debug|Any CPU
		{02388208-2EE6-4C48-9E57-A53D02663C36}.Debug|Any CPU.Build.0 = Debug|Any CPU
		{02388208-2EE6-4C48-9E57-A53D02663C36}.Debug|Mixed Platforms.ActiveCfg = Debug|Any CPU
		{02388208-2EE6-4C48-9E57-A53D02663C36}.Debug|Mixed Platforms.Build.0 = Debug|Any CPU
		{02388208-2EE6-4C48-9E57-A53D02663C36}.Debug|Win32.ActiveCfg = Debug|Any CPU
		{02388208-2EE6-4C48-9E57-A53D02663C36}.Debug|x64.ActiveCfg = Debug|Any CPU
		{02388208-2EE6-4C48-9E57-A53D02663C36}.Debug|x86.ActiveCfg = Debug|Any CPU
		{02388208-2EE6-4C48-9E57-A53D02663C36}.Release|Any CPU.ActiveCfg = Release|Any CPU
		{02388208-2EE6-4C48-9E57-A53D02663C36}.Release|Any CPU.Build.0 = Release|Any CPU
		{02388208-2EE6-4C48-9E57-A53D02663C36}.Release|Mixed Platforms.ActiveCfg = Release|Any CPU
		{02388208-2EE6-4C48-9E57-A53D02663C36}.Release|Mixed Platforms.Build.0 = Release|Any CPU
		{02388208-2EE6-4C48-9E57-A53D02663C36}.Release|Win32.ActiveCfg = Release|Any CPU
		{02388208-2EE6-4C48-9E57-A53D02663C36}.Release|x64.ActiveCfg = Release|Any CPU
		{02388208-2EE6-4C48-9E57-A53D02663C36}.Release|x86.ActiveCfg = Release|Any CPU
		{487A1D60-7FD7-4EBB-8EF2-2E0FA49652FD}.Debug|Any CPU.ActiveCfg = Debug|Any CPU
		{487A1D60-7FD7-4EBB-8EF2-2E0FA49652FD}.Debug|Any CPU.Build.0 = Debug|Any CPU
		{487A1D60-7FD7-4EBB-8EF2-2E0FA49652FD}.Debug|Mixed Platforms.ActiveCfg = Debug|Any CPU
		{487A1D60-7FD7-4EBB-8EF2-2E0FA49652FD}.Debug|Mixed Platforms.Build.0 = Debug|Any CPU
		{487A1D60-7FD7-4EBB-8EF2-2E0FA49652FD}.Debug|Win32.ActiveCfg = Debug|Any CPU
		{487A1D60-7FD7-4EBB-8EF2-2E0FA49652FD}.Debug|x64.ActiveCfg = Debug|Any CPU
		{487A1D60-7FD7-4EBB-8EF2-2E0FA49652FD}.Debug|x86.ActiveCfg = Debug|Any CPU
		{487A1D60-7FD7-4EBB-8EF2-2E0FA49652FD}.Release|Any CPU.ActiveCfg = Release|Any CPU
		{487A1D60-7FD7-4EBB-8EF2-2E0FA49652FD}.Release|Any CPU.Build.0 = Release|Any CPU
		{487A1D60-7FD7-4EBB-8EF2-2E0FA49652FD}.Release|Mixed Platforms.ActiveCfg = Release|Any CPU
		{487A1D60-7FD7-4EBB-8EF2-2E0FA49652FD}.Release|Mixed Platforms.Build.0 = Release|Any CPU
		{487A1D60-7FD7-4EBB-8EF2-2E0FA49652FD}.Release|Win32.ActiveCfg = Release|Any CPU
		{487A1D60-7FD7-4EBB-8EF2-2E0FA49652FD}.Release|x64.ActiveCfg = Release|Any CPU
		{487A1D60-7FD7-4EBB-8EF2-2E0FA49652FD}.Release|x86.ActiveCfg = Release|Any CPU
		{32C097AB-931A-44B0-9ED2-B6F343C3F588}.Debug|Any CPU.ActiveCfg = Debug|Any CPU
		{32C097AB-931A-44B0-9ED2-B6F343C3F588}.Debug|Any CPU.Build.0 = Debug|Any CPU
		{32C097AB-931A-44B0-9ED2-B6F343C3F588}.Debug|Mixed Platforms.ActiveCfg = Debug|Any CPU
		{32C097AB-931A-44B0-9ED2-B6F343C3F588}.Debug|Mixed Platforms.Build.0 = Debug|Any CPU
		{32C097AB-931A-44B0-9ED2-B6F343C3F588}.Debug|Win32.ActiveCfg = Debug|Any CPU
		{32C097AB-931A-44B0-9ED2-B6F343C3F588}.Debug|x64.ActiveCfg = Debug|Any CPU
		{32C097AB-931A-44B0-9ED2-B6F343C3F588}.Debug|x86.ActiveCfg = Debug|Any CPU
		{32C097AB-931A-44B0-9ED2-B6F343C3F588}.Release|Any CPU.ActiveCfg = Release|Any CPU
		{32C097AB-931A-44B0-9ED2-B6F343C3F588}.Release|Any CPU.Build.0 = Release|Any CPU
		{32C097AB-931A-44B0-9ED2-B6F343C3F588}.Release|Mixed Platforms.ActiveCfg = Release|Any CPU
		{32C097AB-931A-44B0-9ED2-B6F343C3F588}.Release|Mixed Platforms.Build.0 = Release|Any CPU
		{32C097AB-931A-44B0-9ED2-B6F343C3F588}.Release|Win32.ActiveCfg = Release|Any CPU
		{32C097AB-931A-44B0-9ED2-B6F343C3F588}.Release|x64.ActiveCfg = Release|Any CPU
		{32C097AB-931A-44B0-9ED2-B6F343C3F588}.Release|x86.ActiveCfg = Release|Any CPU
		{F3AC6B07-4E21-4BE2-875E-E4FC7BD240D0}.Debug|Any CPU.ActiveCfg = Debug|Any CPU
		{F3AC6B07-4E21-4BE2-875E-E4FC7BD240D0}.Debug|Any CPU.Build.0 = Debug|Any CPU
		{F3AC6B07-4E21-4BE2-875E-E4FC7BD240D0}.Debug|Mixed Platforms.ActiveCfg = Debug|Any CPU
		{F3AC6B07-4E21-4BE2-875E-E4FC7BD240D0}.Debug|Mixed Platforms.Build.0 = Debug|Any CPU
		{F3AC6B07-4E21-4BE2-875E-E4FC7BD240D0}.Debug|Win32.ActiveCfg = Debug|Any CPU
		{F3AC6B07-4E21-4BE2-875E-E4FC7BD240D0}.Debug|x64.ActiveCfg = Debug|Any CPU
		{F3AC6B07-4E21-4BE2-875E-E4FC7BD240D0}.Debug|x86.ActiveCfg = Debug|Any CPU
		{F3AC6B07-4E21-4BE2-875E-E4FC7BD240D0}.Release|Any CPU.ActiveCfg = Release|Any CPU
		{F3AC6B07-4E21-4BE2-875E-E4FC7BD240D0}.Release|Any CPU.Build.0 = Release|Any CPU
		{F3AC6B07-4E21-4BE2-875E-E4FC7BD240D0}.Release|Mixed Platforms.ActiveCfg = Release|Any CPU
		{F3AC6B07-4E21-4BE2-875E-E4FC7BD240D0}.Release|Mixed Platforms.Build.0 = Release|Any CPU
		{F3AC6B07-4E21-4BE2-875E-E4FC7BD240D0}.Release|Win32.ActiveCfg = Release|Any CPU
		{F3AC6B07-4E21-4BE2-875E-E4FC7BD240D0}.Release|x64.ActiveCfg = Release|Any CPU
		{F3AC6B07-4E21-4BE2-875E-E4FC7BD240D0}.Release|x86.ActiveCfg = Release|Any CPU
		{E2266084-462A-446F-9CEA-9D132BC36851}.Debug|Any CPU.ActiveCfg = Debug|Any CPU
		{E2266084-462A-446F-9CEA-9D132BC36851}.Debug|Any CPU.Build.0 = Debug|Any CPU
		{E2266084-462A-446F-9CEA-9D132BC36851}.Debug|Mixed Platforms.ActiveCfg = Debug|Any CPU
		{E2266084-462A-446F-9CEA-9D132BC36851}.Debug|Mixed Platforms.Build.0 = Debug|Any CPU
		{E2266084-462A-446F-9CEA-9D132BC36851}.Debug|Win32.ActiveCfg = Debug|Any CPU
		{E2266084-462A-446F-9CEA-9D132BC36851}.Debug|x64.ActiveCfg = Debug|Any CPU
		{E2266084-462A-446F-9CEA-9D132BC36851}.Debug|x86.ActiveCfg = Debug|Any CPU
		{E2266084-462A-446F-9CEA-9D132BC36851}.Release|Any CPU.ActiveCfg = Release|Any CPU
		{E2266084-462A-446F-9CEA-9D132BC36851}.Release|Any CPU.Build.0 = Release|Any CPU
		{E2266084-462A-446F-9CEA-9D132BC36851}.Release|Mixed Platforms.ActiveCfg = Release|Any CPU
		{E2266084-462A-446F-9CEA-9D132BC36851}.Release|Mixed Platforms.Build.0 = Release|Any CPU
		{E2266084-462A-446F-9CEA-9D132BC36851}.Release|Win32.ActiveCfg = Release|Any CPU
		{E2266084-462A-446F-9CEA-9D132BC36851}.Release|x64.ActiveCfg = Release|Any CPU
		{E2266084-462A-446F-9CEA-9D132BC36851}.Release|x86.ActiveCfg = Release|Any CPU
	EndGlobalSection
	GlobalSection(SolutionProperties) = preSolution
		HideSolutionNode = FALSE
	EndGlobalSection
EndGlobal
